# This file is autogenerated, do not edit; changes may be undone by the next 'dep ensure'.


[[projects]]
  digest = "1:80004fcc5cf64e591486b3e11b406f1e0d17bf85d475d64203c8494f5da4fcd1"
  name = "cloud.google.com/go"
  packages = ["compute/metadata"]
  pruneopts = "UT"
  revision = "ceeb313ad77b789a7fa5287b36a1d127b69b7093"
  version = "v0.44.3"

[[projects]]
  branch = "master"
  digest = "1:767de091c3bc6e7b8683dfb6e09eee4bb70107c76a62f2d47c622e7a3c2a385c"
  name = "github.com/channelmeter/iso8601duration"
  packages = ["."]
  pruneopts = "UT"
  revision = "8da3af7a2a61a4eb5ae9bddec06bf637fa9593da"

[[projects]]
  branch = "master"
  digest = "1:1059f575e4657f5d2467ce142d89d1bf64be9cdddc6c2679b2902c1678410044"
  name = "github.com/go-macaron/binding"
  packages = ["."]
  pruneopts = "UT"
  revision = "0b4f37bab25b37275cc7dc71b2d92ca793581125"

[[projects]]
  branch = "master"
  digest = "1:37a1ebadf135c1546f9d7580c8a9846bfdc200e7cffa438d5a03fb442f5c3d82"
  name = "github.com/go-macaron/gzip"
  packages = ["."]
  pruneopts = "UT"
  revision = "cad1c6580a07c56f5f6bc52d66002a05985c5854"

[[projects]]
  branch = "master"
  digest = "1:bdb17865b13e720add16eaa212872b4306c8521f367c7a7ff2c10cef1e7afdb1"
  name = "github.com/go-macaron/inject"
  packages = ["."]
  pruneopts = "UT"
  revision = "d8a0b8677191f4380287cfebd08e462217bac7ad"

[[projects]]
  digest = "1:7b260d30214d80fe33afc84dbaa97776254b87458820054681ef0f4f0ab0e3f5"
  name = "github.com/go-xorm/xorm"
  packages = ["."]
  pruneopts = "UT"
  revision = "ce79b1cf28a4a457a730212fc1bec616a8db4db9"
  version = "v0.7.6"

[[projects]]
  digest = "1:f5ce1529abc1204444ec73779f44f94e2fa8fcdb7aca3c355b0c95947e4005c6"
  name = "github.com/golang/protobuf"
  packages = [
    "proto",
    "ptypes",
    "ptypes/any",
    "ptypes/duration",
    "ptypes/timestamp",
  ]
  pruneopts = "UT"
  revision = "6c65a5562fc06764971b7c5d05c76c75e84bdbf7"
  version = "v1.3.2"

[[projects]]
  digest = "1:766102087520f9d54f2acc72bd6637045900ac735b4a419b128d216f0c5c4876"
  name = "github.com/googleapis/gax-go"
  packages = ["v2"]
  pruneopts = "UT"
  revision = "bd5b16380fd03dc758d11cef74ba2e3bc8b0e8c2"
  version = "v2.0.5"

[[projects]]
  digest = "1:7fae9ec96d10b2afce0da23c378c8b3389319b7f92fa092f2621bba3078cfb4b"
  name = "github.com/hashicorp/golang-lru"
  packages = ["simplelru"]
  pruneopts = "UT"
  revision = "7f827b33c0f158ec5dfbba01bb0b14a4541fd81d"
  version = "v0.5.3"

[[projects]]
  digest = "1:b7fee69436ad75a26f96fc9a56f960734e70f6546be5060ab8b0c164469a8263"
  name = "github.com/klauspost/compress"
  packages = [
    "flate",
    "gzip",
  ]
  pruneopts = "UT"
  revision = "7a422a2abf4b2f2905a961d3b6926e4e21dab4bb"
  version = "v1.8.0"

[[projects]]
  digest = "1:923c4d7194b42e054b2eb8a6c62824ac55e23ececc1c7e48d4da69c971c55954"
  name = "github.com/klauspost/cpuid"
  packages = ["."]
  pruneopts = "UT"
  revision = "05a8198c0f5a27739aec358908d7e12c64ce6eb7"
  version = "v1.2.1"

[[projects]]
  digest = "1:12cb143f2148bf54bcd9fe622abac17325e85eeb1d84b8ec6caf1c80232108fd"
  name = "github.com/lib/pq"
  packages = [
    ".",
    "oid",
    "scram",
  ]
  pruneopts = "UT"
  revision = "3427c32cb71afc948325f299f040e53c1dd78979"
  version = "v1.2.0"

[[projects]]
  digest = "1:b67d9fb93495f20c1650448395a35d8c8a05cc1744bdd9986f5bc69d5d114f22"
  name = "github.com/unknwon/com"
  packages = ["."]
  pruneopts = "UT"
  revision = "41959bdd855fb7db467f78865d5f9044507df1cd"
  version = "v2"

[[projects]]
  digest = "1:74055050ea547bb04600be79cc501965cb3de8988018262f2ca430f0a0b48ec3"
  name = "go.opencensus.io"
  packages = [
    ".",
    "internal",
    "internal/tagencoding",
    "metric/metricdata",
    "metric/metricproducer",
    "plugin/ochttp",
    "plugin/ochttp/propagation/b3",
    "resource",
    "stats",
    "stats/internal",
    "stats/view",
    "tag",
    "trace",
    "trace/internal",
    "trace/propagation",
    "trace/tracestate",
  ]
  pruneopts = "UT"
  revision = "9c377598961b706d1542bd2d84d538b5094d596e"
  version = "v0.22.0"

[[projects]]
  branch = "master"
  digest = "1:f92f6956e4059f6a3efc14924d2dd58ba90da25cc57fe07ae3779ef2f5e0c5f2"
  name = "golang.org/x/crypto"
  packages = ["pbkdf2"]
  pruneopts = "UT"
  revision = "60c769a6c58655dab1b9adac0d58967dd517cfba"

[[projects]]
  branch = "master"
  digest = "1:37cf5c1105f46a9e4c5e6f0a2c9bcfc08e78462be487c2538cc3dccb73c36993"
  name = "golang.org/x/net"
  packages = [
    "context",
    "context/ctxhttp",
    "http/httpguts",
    "http2",
    "http2/hpack",
    "idna",
    "internal/timeseries",
    "trace",
  ]
  pruneopts = "UT"
  revision = "74dc4d7220e7acc4e100824340f3e66577424772"

[[projects]]
  branch = "master"
  digest = "1:31e33f76456ccf54819ab4a646cf01271d1a99d7712ab84bf1a9e7b61cd2031b"
  name = "golang.org/x/oauth2"
  packages = [
    ".",
    "google",
    "internal",
    "jws",
    "jwt",
  ]
  pruneopts = "UT"
  revision = "0f29369cfe4552d0e4bcddc57cc75f4d7e672a33"

[[projects]]
  branch = "master"
  digest = "1:47844666be86089349a441f5f0ece22f42a87a8cb8c9a31294c593f43209ad19"
  name = "golang.org/x/sys"
  packages = ["unix"]
  pruneopts = "UT"
  revision = "fde4db37ae7ad8191b03d30d27f258b5291ae4e3"

[[projects]]
  digest = "1:8d8faad6b12a3a4c819a3f9618cb6ee1fa1cfc33253abeeea8b55336721e3405"
  name = "golang.org/x/text"
  packages = [
    "collate",
    "collate/build",
    "internal/colltab",
    "internal/gen",
    "internal/language",
    "internal/language/compact",
    "internal/tag",
    "internal/triegen",
    "internal/ucd",
    "language",
    "secure/bidirule",
    "transform",
    "unicode/bidi",
    "unicode/cldr",
    "unicode/norm",
    "unicode/rangetable",
  ]
  pruneopts = "UT"
  revision = "342b2e1fbaa52c93f31447ad2c6abc048c63e475"
  version = "v0.3.2"

[[projects]]
  digest = "1:83e9d3f614091bf2d7b7d5e902aa490c9bd78ae008a3f65b82bd8695d9d633ec"
  name = "google.golang.org/api"
  packages = [
    "gensupport",
    "googleapi",
    "googleapi/internal/uritemplates",
    "googleapi/transport",
    "internal",
    "option",
    "plus/v1",
    "transport/http",
    "transport/http/internal/propagation",
    "youtube/v3",
  ]
  pruneopts = "UT"
  revision = "feb0267beb8644f5088a03be4d5ec3f8c7020152"
  version = "v0.9.0"

[[projects]]
  digest = "1:498b722d33dde4471e7d6e5d88a5e7132d2a8306fea5ff5ee82d1f418b4f41ed"
  name = "google.golang.org/appengine"
  packages = [
    ".",
    "internal",
    "internal/app_identity",
    "internal/base",
    "internal/datastore",
    "internal/log",
    "internal/modules",
    "internal/remote_api",
    "internal/urlfetch",
    "urlfetch",
  ]
  pruneopts = "UT"
  revision = "b2f4a3cf3c67576a2ee09e1fe62656a5086ce880"
  version = "v1.6.1"

[[projects]]
  branch = "master"
  digest = "1:583a0c80f5e3a9343d33aea4aead1e1afcc0043db66fdf961ddd1fe8cd3a4faf"
  name = "google.golang.org/genproto"
  packages = ["googleapis/rpc/status"]
  pruneopts = "UT"
  revision = "24fa4b261c55da65468f2abfdae2b024eef27dfb"

[[projects]]
  digest = "1:3b97661db2e5d4c87f7345e875ea28f911e54c715ba0a74be08e1649d67e05cd"
  name = "google.golang.org/grpc"
  packages = [
    ".",
    "balancer",
    "balancer/base",
    "balancer/roundrobin",
    "binarylog/grpc_binarylog_v1",
    "codes",
    "connectivity",
    "credentials",
    "credentials/internal",
    "encoding",
    "encoding/proto",
    "grpclog",
    "internal",
    "internal/backoff",
    "internal/balancerload",
    "internal/binarylog",
    "internal/channelz",
    "internal/envconfig",
    "internal/grpcrand",
    "internal/grpcsync",
    "internal/syscall",
    "internal/transport",
    "keepalive",
    "metadata",
    "naming",
    "peer",
    "resolver",
    "resolver/dns",
    "resolver/passthrough",
    "serviceconfig",
    "stats",
    "status",
    "tap",
  ]
  pruneopts = "UT"
  revision = "6eaf6f47437a6b4e2153a190160ef39a92c7eceb"
  version = "v1.23.0"

[[projects]]
  digest = "1:6c56c50b13fd3cb33b692b264727c1c89198274f5dcabaa077e3b2472037e0f9"
  name = "gopkg.in/ini.v1"
  packages = ["."]
  pruneopts = "UT"
  revision = "d4cae42d398bc0095297fc3315669590d29166ea"
  version = "v1.46.0"

[[projects]]
  digest = "1:ae94adcb3faf895181c506ec3e5a65b03595cc34af607ebcc8dec2090c1d230f"
  name = "gopkg.in/macaron.v1"
  packages = ["."]
  pruneopts = "UT"
  revision = "213788aac5bca04b4ef40b4b3ab821d417dbf396"
  version = "v1.3.4"

[[projects]]
  digest = "1:4d2e5a73dc1500038e504a8d78b986630e3626dc027bc030ba5c75da257cdb96"
  name = "gopkg.in/yaml.v2"
  packages = ["."]
  pruneopts = "UT"
  revision = "51d6538a90f86fe93ac480b35f37b2be17fef232"
  version = "v2.2.2"

[[projects]]
  digest = "1:69760bb625770798aa43843e5a493097a9f864646697f5ee29015cc0565524a6"
  name = "xorm.io/builder"
  packages = ["."]
  pruneopts = "UT"
  revision = "5175e98d9e97da33b5b8234760b151d867cb2620"
  version = "v0.3.5"

[[projects]]
  digest = "1:b78bc7bc51e4eab5914ad08aa5d9663c391256f22cf3f1532d7f6b21bd557062"
  name = "xorm.io/core"
  packages = ["."]
  pruneopts = "UT"
  revision = "25c56ece6dfd7d0cf0f54a9a324117e9e2f37c8f"
  version = "v0.7.0"

[solve-meta]
  analyzer-name = "dep"
  analyzer-version = 1
  input-imports = [
    "github.com/channelmeter/iso8601duration",
    "github.com/go-macaron/binding",
    "github.com/go-macaron/gzip",
    "github.com/go-xorm/xorm",
    "github.com/lib/pq",
    "golang.org/x/oauth2",
    "google.golang.org/api/plus/v1",
    "google.golang.org/api/youtube/v3",
    "gopkg.in/macaron.v1",
    "gopkg.in/yaml.v2",
  ]
  solver-name = "gps-cdcl"
  solver-version = 1
